// !$*UTF8*$!
{
	archiveVersion = 1;
	classes = {
	};
	objectVersion = 46;
	objects = {

/* Begin PBXBuildFile section */
		2C93E5061CAA597B00B2A64C /* main.m in Sources */ = {isa = PBXBuildFile; fileRef = 2C93E5051CAA597B00B2A64C /* main.m */; };
		2C93E5091CAA597B00B2A64C /* AppDelegate.m in Sources */ = {isa = PBXBuildFile; fileRef = 2C93E5081CAA597B00B2A64C /* AppDelegate.m */; };
		2C93E50C1CAA597B00B2A64C /* ViewController.m in Sources */ = {isa = PBXBuildFile; fileRef = 2C93E50B1CAA597B00B2A64C /* ViewController.m */; };
		2C93E50F1CAA597B00B2A64C /* Main.storyboard in Resources */ = {isa = PBXBuildFile; fileRef = 2C93E50D1CAA597B00B2A64C /* Main.storyboard */; };
		2C93E5111CAA597B00B2A64C /* Assets.xcassets in Resources */ = {isa = PBXBuildFile; fileRef = 2C93E5101CAA597B00B2A64C /* Assets.xcassets */; };
		2C93E5141CAA597B00B2A64C /* LaunchScreen.storyboard in Resources */ = {isa = PBXBuildFile; fileRef = 2C93E5121CAA597B00B2A64C /* LaunchScreen.storyboard */; };
		2C93E51D1CAA599700B2A64C /* LJYTextView.m in Sources */ = {isa = PBXBuildFile; fileRef = 2C93E51C1CAA599700B2A64C /* LJYTextView.m */; };
/* End PBXBuildFile section */

/* Begin PBXFileReference section */
		2C93E5011CAA597B00B2A64C /* LJYTextView.app */ = {isa = PBXFileReference; explicitFileType = wrapper.application; includeInIndex = 0; path = LJYTextView.app; sourceTree = BUILT_PRODUCTS_DIR; };
		2C93E5051CAA597B00B2A64C /* main.m */ = {isa = PBXFileReference; lastKnownFileType = sourcecode.c.objc; path = main.m; sourceTree = "<group>"; };
		2C93E5071CAA597B00B2A64C /* AppDelegate.h */ = {isa = PBXFileReference; lastKnownFileType = sourcecode.c.h; path = AppDelegate.h; sourceTree = "<group>"; };
		2C93E5081CAA597B00B2A64C /* AppDelegate.m */ = {isa = PBXFileReference; lastKnownFileType = sourcecode.c.objc; path = AppDelegate.m; sourceTree = "<group>"; };
		2C93E50A1CAA597B00B2A64C /* ViewController.h */ = {isa = PBXFileReference; lastKnownFileType = sourcecode.c.h; path = ViewController.h; sourceTree = "<group>"; };
		2C93E50B1CAA597B00B2A64C /* ViewController.m */ = {isa = PBXFileReference; lastKnownFileType = sourcecode.c.objc; path = ViewController.m; sourceTree = "<group>"; };
		2C93E50E1CAA597B00B2A64C /* Base */ = {isa = PBXFileReference; lastKnownFileType = file.storyboard; name = Base; path = Base.lproj/Main.storyboard; sourceTree = "<group>"; };
		2C93E5101CAA597B00B2A64C /* Assets.xcassets */ = {isa = PBXFileReference; lastKnownFileType = folder.assetcatalog; path = Assets.xcassets; sourceTree = "<group>"; };
		2C93E5131CAA597B00B2A64C /* Base */ = {isa = PBXFileReference; lastKnownFileType = file.storyboard; name = Base; path = Base.lproj/LaunchScreen.storyboard; sourceTree = "<group>"; };
		2C93E5151CAA597B00B2A64C /* Info.plist */ = {isa = PBXFileReference; lastKnownFileType = text.plist.xml; path = Info.plist; sourceTree = "<group>"; };
		2C93E51B1CAA599700B2A64C /* LJYTextView.h */ = {isa = PBXFileReference; fileEncoding = 4; lastKnownFileType = sourcecode.c.h; path = LJYTextView.h; sourceTree = "<group>"; };
		2C93E51C1CAA599700B2A64C /* LJYTextView.m */ = {isa = PBXFileReference; fileEncoding = 4; lastKnownFileType = sourcecode.c.objc; path = LJYTextView.m; sourceTree = "<group>"; };
/* End PBXFileReference section */

/* Begin PBXFrameworksBuildPhase section */
		2C93E4FE1CAA597B00B2A64C /* Frameworks */ = {
			isa = PBXFrameworksBuildPhase;
			buildActionMask = 2147483647;
			files = (
			);
			runOnlyForDeploymentPostprocessing = 0;
		};
/* End PBXFrameworksBuildPhase section */

/* Begin PBXGroup section */
		2C93E4F81CAA597B00B2A64C = {
			isa = PBXGroup;
			children = (
				2C93E5031CAA597B00B2A64C /* LJYTextView */,
				2C93E5021CAA597B00B2A64C /* Products */,
			);
			sourceTree = "<group>";
		};
		2C93E5021CAA597B00B2A64C /* Products */ = {
			isa = PBXGroup;
			children = (
				2C93E5011CAA597B00B2A64C /* LJYTextView.app */,
			);
			name = Products;
			sourceTree = "<group>";
		};
		2C93E5031CAA597B00B2A64C /* LJYTextView */ = {
			isa = PBXGroup;
			children = (
				2C93E51E1CAA665D00B2A64C /* LJYTextView */,
				2C93E5071CAA597B00B2A64C /* AppDelegate.h */,
				2C93E5081CAA597B00B2A64C /* AppDelegate.m */,
				2C93E50A1CAA597B00B2A64C /* ViewController.h */,
				2C93E50B1CAA597B00B2A64C /* ViewController.m */,
				2C93E50D1CAA597B00B2A64C /* Main.storyboard */,
				2C93E5101CAA597B00B2A64C /* Assets.xcassets */,
				2C93E5121CAA597B00B2A64C /* LaunchScreen.storyboard */,
				2C93E5151CAA597B00B2A64C /* Info.plist */,
				2C93E5041CAA597B00B2A64C /* Supporting Files */,
			);
			path = LJYTextView;
			sourceTree = "<group>";
		};
		2C93E5041CAA597B00B2A64C /* Supporting Files */ = {
			isa = PBXGroup;
			children = (
				2C93E5051CAA597B00B2A64C /* main.m */,
			);
			name = "Supporting Files";
			sourceTree = "<group>";
		};
		2C93E51E1CAA665D00B2A64C /* LJYTextView */ = {
			isa = PBXGroup;
			children = (
				2C93E51B1CAA599700B2A64C /* LJYTextView.h */,
				2C93E51C1CAA599700B2A64C /* LJYTextView.m */,
			);
			name = LJYTextView;
			sourceTree = "<group>";
		};
/* End PBXGroup section */

/* Begin PBXNativeTarget section */
		2C93E5001CAA597B00B2A64C /* LJYTextView */ = {
			isa = PBXNativeTarget;
			buildConfigurationList = 2C93E5181CAA597B00B2A64C /* Build configuration list for PBXNativeTarget "LJYTextView" */;
			buildPhases = (
				2C93E4FD1CAA597B00B2A64C /* Sources */,
				2C93E4FE1CAA597B00B2A64C /* Frameworks */,
				2C93E4FF1CAA597B00B2A64C /* Resources */,
			);
			buildRules = (
			);
			dependencies = (
			);
			name = LJYTextView;
			productName = LJYTextView;
			productReference = 2C93E5011CAA597B00B2A64C /* LJYTextView.app */;
			productType = "com.apple.product-type.application";
		};
/* End PBXNativeTarget section */

/* Begin PBXProject section */
		2C93E4F91CAA597B00B2A64C /* Project object */ = {
			isa = PBXProject;
			attributes = {
				LastUpgradeCheck = 0730;
				ORGANIZATIONNAME = jyLu;
				TargetAttributes = {
					2C93E5001CAA597B00B2A64C = {
						CreatedOnToolsVersion = 7.3;
					};
				};
			};
			buildConfigurationList = 2C93E4FC1CAA597B00B2A64C /* Build configuration list for PBXProject "LJYTextView" */;
			compatibilityVersion = "Xcode 3.2";
			developmentRegion = English;
			hasScannedForEncodings = 0;
			knownRegions = (
				en,
				Base,
			);
			mainGroup = 2C93E4F81CAA597B00B2A64C;
			productRefGroup = 2C93E5021CAA597B00B2A64C /* Products */;
			projectDirPath = "";
			projectRoot = "";
			targets = (
				2C93E5001CAA597B00B2A64C /* LJYTextView */,
			);
		};
/* End PBXProject section */

/* Begin PBXResourcesBuildPhase section */
		2C93E4FF1CAA597B00B2A64C /* Resources */ = {
			isa = PBXResourcesBuildPhase;
			buildActionMask = 2147483647;
			files = (
				2C93E5141CAA597B00B2A64C /* LaunchScreen.storyboard in Resources */,
				2C93E5111CAA597B00B2A64C /* Assets.xcassets in Resources */,
				2C93E50F1CAA597B00B2A64C /* Main.storyboard in Resources */,
			);
			runOnlyForDeploymentPostprocessing = 0;
		};
/* End PBXResourcesBuildPhase section */

/* Begin PBXSourcesBuildPhase section */
		2C93E4FD1CAA597B00B2A64C /* Sources */ = {
			isa = PBXSourcesBuildPhase;
			buildActionMask = 2147483647;
			files = (
				2C93E50C1CAA597B00B2A64C /* ViewController.m in Sources */,
				2C93E5091CAA597B00B2A64C /* AppDelegate.m in Sources */,
				2C93E5061CAA597B00B2A64C /* main.m in Sources */,
				2C93E51D1CAA599700B2A64C /* LJYTextView.m in Sources */,
			);
			runOnlyForDeploymentPostprocessing = 0;
		};
/* End PBXSourcesBuildPhase section */

/* Begin PBXVariantGroup section */
		2C93E50D1CAA597B00B2A64C /* Main.storyboard */ = {
			isa = PBXVariantGroup;
			children = (
				2C93E50E1CAA597B00B2A64C /* Base */,
			);
			name = Main.storyboard;
			sourceTree = "<group>";
		};
		2C93E5121CAA597B00B2A64C /* LaunchScreen.storyboard */ = {
			isa = PBXVariantGroup;
			children = (
				2C93E5131CAA597B00B2A64C /* Base */,
			);
			name = LaunchScreen.storyboard;
			sourceTree = "<group>";
		};
/* End PBXVariantGroup section */

/* Begin XCBuildConfiguration section */
		2C93E5161CAA597B00B2A64C /* Debug */ = {
			isa = XCBuildConfiguration;
			buildSettings = {
				ALWAYS_SEARCH_USER_PATHS = NO;
				CLANG_ANALYZER_NONNULL = YES;
				CLANG_CXX_LANGUAGE_STANDARD = "gnu++0x";
				CLANG_CXX_LIBRARY = "libc++";
				CLANG_ENABLE_MODULES = YES;
				CLANG_ENABLE_OBJC_ARC = YES;
				CLANG_WARN_BOOL_CONVERSION = YES;
				CLANG_WARN_CONSTANT_CONVERSION = YES;
				CLANG_WARN_DIRECT_OBJC_ISA_USAGE = YES_ERROR;
				CLANG_WARN_EMPTY_BODY = YES;
				CLANG_WARN_ENUM_CONVERSION = YES;
				CLANG_WARN_INT_CONVERSION = YES;
				CLANG_WARN_OBJC_ROOT_CLASS = YES_ERROR;
				CLANG_WARN_UNREACHABLE_CODE = YES;
				CLANG_WARN__DUPLICATE_METHOD_MATCH = YES;
				"CODE_SIGN_IDENTITY[sdk=iphoneos*]" = "iPhone Developer";
				COPY_PHASE_STRIP = NO;
				DEBUG_INFORMATION_FORMAT = dwarf;
				ENABLE_STRICT_OBJC_MSGSEND = YES;
				ENABLE_TESTABILITY = YES;
				GCC_C_LANGUAGE_STANDARD = gnu99;
				GCC_DYNAMIC_NO_PIC = NO;
				GCC_NO_COMMON_BLOCKS = YES;
				GCC_OPTIMIZATION_LEVEL = 0;
				GCC_PREPROCESSOR_DEFINITIONS = (
					"DEBUG=1",
					"$(inherited)",
				);
				GCC_WARN_64_TO_32_BIT_CONVERSION = YES;
				GCC_WARN_ABOUT_RETURN_TYPE = YES_ERROR;
				GCC_WARN_UNDECLARED_SELECTOR = YES;
				GCC_WARN_UNINITIALIZED_AUTOS = YES_AGGRESSIVE;
				GCC_WARN_UNUSED_FUNCTION = YES;
				GCC_WARN_UNUSED_VARIABLE = YES;
				IPHONEOS_DEPLOYMENT_TARGET = 9.3;
				MTL_ENABLE_DEBUG_INFO = YES;
				ONLY_ACTIVE_ARCH = YES;
				SDKROOT = iphoneos;
			};
			name = Debug;
		};
		2C93E5171CAA597B00B2A64C /* Release */ = {
			isa = XCBuildConfiguration;
			buildSettings = {
				ALWAYS_SEARCH_USER_PATHS = NO;
				CLANG_ANALYZER_NONNULL = YES;
				CLANG_CXX_LANGUAGE_STANDARD = "gnu++0x";
				CLANG_CXX_LIBRARY = "libc++";
				CLANG_ENABLE_MODULES = YES;
				CLANG_ENABLE_OBJC_ARC = YES;
				CLANG_WARN_BOOL_CONVERSION = YES;
				CLANG_WARN_CONSTANT_CONVERSION = YES;
				CLANG_WARN_DIRECT_OBJC_ISA_USAGE = YES_ERROR;
				CLANG_WARN_EMPTY_BODY = YES;
				CLANG_WARN_ENUM_CONVERSION = YES;
				CLANG_WARN_INT_CONVERSION = YES;
				CLANG_WARN_OBJC_ROOT_CLASS = YES_ERROR;
				CLANG_WARN_UNREACHABLE_CODE = YES;
				CLANG_WARN__DUPLICATE_METHOD_MATCH = YES;
				"CODE_SIGN_IDENTITY[sdk=iphoneos*]" = "iPhone Developer";
				COPY_PHASE_STRIP = NO;
				DEBUG_INFORMATION_FORMAT = "dwarf-with-dsym";
				ENABLE_NS_ASSERTIONS = NO;
				ENABLE_STRICT_OBJC_MSGSEND = YES;
				GCC_C_LANGUAGE_STANDARD = gnu99;
				GCC_NO_COMMON_BLOCKS = YES;
				GCC_WARN_64_TO_32_BIT_CONVERSION = YES;
				GCC_WARN_ABOUT_RETURN_TYPE = YES_ERROR;
				GCC_WARN_UNDECLARED_SELECTOR = YES;
				GCC_WARN_UNINITIALIZED_AUTOS = YES_AGGRESSIVE;
				GCC_WARN_UNUSED_FUNCTION = YES;
				GCC_WARN_UNUSED_VARIABLE = YES;
				IPHONEOS_DEPLOYMENT_TARGET = 9.3;
				MTL_ENABLE_DEBUG_INFO = NO;
				SDKROOT = iphoneos;
				VALIDATE_PRODUCT = YES;
			};
			name = Release;
		};
		2C93E5191CAA597B00B2A64C /* Debug */ = {
			isa = XCBuildConfiguration;
			buildSettings = {
				ASSETCATALOG_COMPILER_APPICON_NAME = AppIcon;
				INFOPLIST_FILE = LJYTextView/Info.plist;
				LD_RUNPATH_SEARCH_PATHS = "$(inherited) @executable_path/Frameworks";
				PRODUCT_BUNDLE_IDENTIFIER = com.ljy.LJYTextView;
				PRODUCT_NAME = "$(TARGET_NAME)";
			};
			name = Debug;
		};
		2C93E51A1CAA597B00B2A64C /* Release */ = {
			isa = XCBuildConfiguration;
			buildSettings = {
				ASSETCATALOG_COMPILER_APPICON_NAME = AppIcon;
				INFOPLIST_FILE = LJYTextView/Info.plist;
				LD_RUNPATH_SEARCH_PATHS = "$(inherited) @executable_path/Frameworks";
				PRODUCT_BUNDLE_IDENTIFIER = com.ljy.LJYTextView;
				PRODUCT_NAME = "$(TARGET_NAME)";
			};
			name = Release;
		};
/* End XCBuildConfiguration section */

/* Begin XCConfigurationList section */
		2C93E4FC1CAA597B00B2A64C /* Build configuration list for PBXProject "LJYTextView" */ = {
			isa = XCConfigurationList;
			buildConfigurations = (
				2C93E5161CAA597B00B2A64C /* Debug */,
				2C93E5171CAA597B00B2A64C /* Release */,
			);
			defaultConfigurationIsVisible = 0;
			defaultConfigurationName = Release;
		};
		2C93E5181CAA597B00B2A64C /* Build configuration list for PBXNativeTarget "LJYTextView" */ = {
			isa = XCConfigurationList;
			buildConfigurations = (
				2C93E5191CAA597B00B2A64C /* Debug */,
				2C93E51A1CAA597B00B2A64C /* Release */,
			);
			defaultConfigurationIsVisible = 0;
		};
/* End XCConfigurationList section */
	};
	rootObject = 2C93E4F91CAA597B00B2A64C /* Project object */;
}
